{
  "name": "vr",
  "version": "0.1.0",
  "lockfileVersion": 1,
  "requires": true,
  "dependencies": {
    "three-orbitcontrols": {
      "version": "2.110.3",
      "resolved": "https://registry.npm.taobao.org/three-orbitcontrols/download/three-orbitcontrols-2.110.3.tgz",
      "integrity": "sha1-ypyR1ewvRzGhFArPL/AoHhWYjt8="
    }
  }
}
